{
  "name": "ray-fs",
  "version": "2.2.0",
  "lockfileVersion": 2,
  "requires": true,
  "packages": {
    "": {
      "version": "2.2.0",
      "license": "MIT",
      "dependencies": {
        "sucide": "^1.0.1"
      }
    },
    "node_modules/sucide": {
      "version": "1.0.1",
      "resolved": "https://registry.npmjs.org/sucide/-/sucide-1.0.1.tgz",
      "integrity": "sha512-5XpQ9eaxM0jakpDJmENEJVydhTSqtJLg593wdfbm7gZPuKEHcitzbHSB9wpL0wqDpLIRstI42IOedCfsJNhk1Q=="
    }
  },
  "dependencies": {
    "sucide": {
      "version": "1.0.1",
      "resolved": "https://registry.npmjs.org/sucide/-/sucide-1.0.1.tgz",
      "integrity": "sha512-5XpQ9eaxM0jakpDJmENEJVydhTSqtJLg593wdfbm7gZPuKEHcitzbHSB9wpL0wqDpLIRstI42IOedCfsJNhk1Q=="
    }
  }
}
